
Microsoft Visual Studio Solution File, Format Version 12.00
# Visual Studio 15
VisualStudioVersion = 15.0.27130.2010
MinimumVisualStudioVersion = 10.0.40219.1
Project("{FAE04EC0-301F-11D3-BF4B-00C04F79EFBC}") = "backoffice", "backoffice\backoffice.csproj", "{B2124DDA-876F-4FAB-AD82-B6EF7C7A8052}"
EndProject
Global
	GlobalSection(SolutionConfigurationPlatforms) = preSolution
		Debug|Any CPU = Debug|Any CPU
		Release|Any CPU = Release|Any CPU
	EndGlobalSection
	GlobalSection(ProjectConfigurationPlatforms) = postSolution
		{B2124DDA-876F-4FAB-AD82-B6EF7C7A8052}.Debug|Any CPU.ActiveCfg = Debug|Any CPU
		{B2124DDA-876F-4FAB-AD82-B6EF7C7A8052}.Debug|Any CPU.Build.0 = Debug|Any CPU
		{B2124DDA-876F-4FAB-AD82-B6EF7C7A8052}.Release|Any CPU.ActiveCfg = Release|Any CPU
		{B2124DDA-876F-4FAB-AD82-B6EF7C7A8052}.Release|Any CPU.Build.0 = Release|Any CPU
	EndGlobalSection
	GlobalSection(SolutionProperties) = preSolution
		HideSolutionNode = FALSE
	EndGlobalSection
	GlobalSection(ExtensibilityGlobals) = postSolution
		SolutionGuid = {C0F934CB-C971-4CE5-B8C2-7BF8BA6CFC2D}
	EndGlobalSection
EndGlobal
